{
  "name": "klattsch-dialog-bake",
  "version": "1.0.0",
  "lockfileVersion": 3,
  "requires": true,
  "packages": {
    "": {
      "name": "klattsch-dialog-bake",
      "version": "1.0.0",
      "license": "MIT",
      "dependencies": {
        "klattsch": "^0.7.0"
      }
    },
    "node_modules/cmu-pronouncing-dictionary": {
      "version": "3.0.0",
      "resolved": "https://registry.npmjs.org/cmu-pronouncing-dictionary/-/cmu-pronouncing-dictionary-3.0.0.tgz",
      "integrity": "sha512-6y5X4OxsYFnHERo6WSVPnLrk53G07MOQ8aUb2z555JgwynpbZsHR0a//WdN6DUcmE1j2auTF2TtL4PpoKze8QQ==",
      "license": "ISC",
      "optional": true
    },
    "node_modules/klattsch": {
      "version": "0.7.0",
      "resolved": "https://registry.npmjs.org/klattsch/-/klattsch-0.7.0.tgz",
      "integrity": "sha512-HwgcOeGZp3riLhY6z7OiwKmEDWjqJYEQHTZsMA7mKVp6dFE+3O5lsy9r/xuqRsREvca5rqQEPJcHPMszP/wIIQ==",
      "license": "MIT",
      "bin": {
        "klattsch": "bin/klattsch.mjs"
      },
      "optionalDependencies": {
        "cmu-pronouncing-dictionary": "^3.0.0"
      }
    }
  }
}
